# THIS IS AN AUTOGENERATED FILE. DO NOT EDIT THIS FILE DIRECTLY.
# yarn lockfile v1


fsevents@~2.3.2:
  version "2.3.2"
  resolved "http://r.npm.sankuai.com/fsevents/download/fsevents-2.3.2.tgz#8a526f78b8fdf4623b709e0b975c52c24c02fd1a"
  integrity sha1-ilJveLj99GI7cJ4Ll1xSwkwC/Ro=

rollup@^2.58.1:
  version "2.58.1"
  resolved "http://r.npm.sankuai.com/rollup/download/rollup-2.58.1.tgz#b9a0f9e601129d9a4686b7ec3159095f7a73825f"
  integrity sha1-uaD55gESnZpGhrfsMVkJX3pzgl8=
  optionalDependencies:
    fsevents "~2.3.2"

svelte@^3.32.1:
  version "3.44.0"
  resolved "http://r.npm.sankuai.com/svelte/download/svelte-3.44.0.tgz#e6176cb3ad93846ddb4140e93f43098136b23f3b"
  integrity sha1-5hdss62ThG3bQUDpP0MJgTayPzs=

svg-to-svelte@^2.2.1:
  version "2.2.1"
  resolved "http://r.npm.sankuai.com/svg-to-svelte/download/svg-to-svelte-2.2.1.tgz#6dfab0af1b2eaf689fb182f73ec7831ce375bb4c"
  integrity sha1-bfqwrxsur2ifsYL3PseDHON1u0w=
  dependencies:
    svelte "^3.32.1"
